{
  "object": {
    "pins": [
      {
        "package": "Alamofire",
        "repositoryURL": "https://github.com/Alamofire/Alamofire.git",
        "state": {
          "branch": null,
          "revision": "f96b619bcb2383b43d898402283924b80e2c4bae",
          "version": "5.4.3"
        }
      },
      {
        "package": "libtesseract",
        "repositoryURL": "https://github.com/SwiftyTesseract/libtesseract.git",
        "state": {
          "branch": null,
          "revision": "214a36e04d740795d7ba2f07c6108944d0136f8a",
          "version": "0.2.0"
        }
      },
      {
        "package": "MBProgressHUD",
        "repositoryURL": "https://github.com/jdg/MBProgressHUD.git",
        "state": {
          "branch": null,
          "revision": "bca42b801100b2b3a4eda0ba8dd33d858c780b0d",
          "version": "1.2.0"
        }
      },
      {
        "package": "SwiftyTesseract",
        "repositoryURL": "https://github.com/SwiftyTesseract/SwiftyTesseract.git",
        "state": {
          "branch": null,
          "revision": "1393d15d0278673dd89f2ba21d3fb748f99e02ce",
          "version": "4.0.1"
        }
      }
    ]
  },
  "version": 1
}
